
Microsoft Visual Studio Solution File, Format Version 12.00
# Visual Studio Version 17
VisualStudioVersion = 17.4.33213.308
MinimumVisualStudioVersion = 10.0.40219.1
Project("{FAE04EC0-301F-11D3-BF4B-00C04F79EFBC}") = "HW_4_1_WF_main", "HW_4_1_WF_main.csproj", "{87CAFFCE-40A5-4BF0-BEDD-B2559CF4843A}"
EndProject
Global
	GlobalSection(SolutionConfigurationPlatforms) = preSolution
		Debug|Any CPU = Debug|Any CPU
		Release|Any CPU = Release|Any CPU
	EndGlobalSection
	GlobalSection(ProjectConfigurationPlatforms) = postSolution
		{87CAFFCE-40A5-4BF0-BEDD-B2559CF4843A}.Debug|Any CPU.ActiveCfg = Debug|Any CPU
		{87CAFFCE-40A5-4BF0-BEDD-B2559CF4843A}.Debug|Any CPU.Build.0 = Debug|Any CPU
		{87CAFFCE-40A5-4BF0-BEDD-B2559CF4843A}.Release|Any CPU.ActiveCfg = Release|Any CPU
		{87CAFFCE-40A5-4BF0-BEDD-B2559CF4843A}.Release|Any CPU.Build.0 = Release|Any CPU
	EndGlobalSection
	GlobalSection(SolutionProperties) = preSolution
		HideSolutionNode = FALSE
	EndGlobalSection
	GlobalSection(ExtensibilityGlobals) = postSolution
		SolutionGuid = {A5CB0AC3-AE20-4938-971D-B3C80A66DA53}
	EndGlobalSection
EndGlobal
