
Microsoft Visual Studio Solution File, Format Version 12.00
# Visual Studio Version 17
VisualStudioVersion = 17.4.33213.308
MinimumVisualStudioVersion = 10.0.40219.1
Project("{FAE04EC0-301F-11D3-BF4B-00C04F79EFBC}") = "HW_6_Mutex_3", "HW_6_Mutex_3.csproj", "{156FF9EA-3DDF-44A3-99BA-0A45A4538BEE}"
EndProject
Global
	GlobalSection(SolutionConfigurationPlatforms) = preSolution
		Debug|Any CPU = Debug|Any CPU
		Release|Any CPU = Release|Any CPU
	EndGlobalSection
	GlobalSection(ProjectConfigurationPlatforms) = postSolution
		{156FF9EA-3DDF-44A3-99BA-0A45A4538BEE}.Debug|Any CPU.ActiveCfg = Debug|Any CPU
		{156FF9EA-3DDF-44A3-99BA-0A45A4538BEE}.Debug|Any CPU.Build.0 = Debug|Any CPU
		{156FF9EA-3DDF-44A3-99BA-0A45A4538BEE}.Release|Any CPU.ActiveCfg = Release|Any CPU
		{156FF9EA-3DDF-44A3-99BA-0A45A4538BEE}.Release|Any CPU.Build.0 = Release|Any CPU
	EndGlobalSection
	GlobalSection(SolutionProperties) = preSolution
		HideSolutionNode = FALSE
	EndGlobalSection
	GlobalSection(ExtensibilityGlobals) = postSolution
		SolutionGuid = {2AEFFA58-932F-4942-8E5F-4A07B78798AF}
	EndGlobalSection
EndGlobal
