
Microsoft Visual Studio Solution File, Format Version 12.00
# Visual Studio Version 17
VisualStudioVersion = 17.4.33213.308
MinimumVisualStudioVersion = 10.0.40219.1
Project("{FAE04EC0-301F-11D3-BF4B-00C04F79EFBC}") = "HW_Lis_7_2_Salf_w", "HW_Lis_7_2_Salf_w.csproj", "{0CBF8CBC-BF36-4003-B6F8-D062772446AA}"
EndProject
Global
	GlobalSection(SolutionConfigurationPlatforms) = preSolution
		Debug|Any CPU = Debug|Any CPU
		Release|Any CPU = Release|Any CPU
	EndGlobalSection
	GlobalSection(ProjectConfigurationPlatforms) = postSolution
		{0CBF8CBC-BF36-4003-B6F8-D062772446AA}.Debug|Any CPU.ActiveCfg = Debug|Any CPU
		{0CBF8CBC-BF36-4003-B6F8-D062772446AA}.Debug|Any CPU.Build.0 = Debug|Any CPU
		{0CBF8CBC-BF36-4003-B6F8-D062772446AA}.Release|Any CPU.ActiveCfg = Release|Any CPU
		{0CBF8CBC-BF36-4003-B6F8-D062772446AA}.Release|Any CPU.Build.0 = Release|Any CPU
	EndGlobalSection
	GlobalSection(SolutionProperties) = preSolution
		HideSolutionNode = FALSE
	EndGlobalSection
	GlobalSection(ExtensibilityGlobals) = postSolution
		SolutionGuid = {45267D51-E2BF-48BB-8C3D-F649985F4324}
	EndGlobalSection
EndGlobal
