
Microsoft Visual Studio Solution File, Format Version 12.00
# Visual Studio Version 17
VisualStudioVersion = 17.4.33213.308
MinimumVisualStudioVersion = 10.0.40219.1
Project("{FAE04EC0-301F-11D3-BF4B-00C04F79EFBC}") = "HW_3_4_WF_Microsowt", "HW_3_4_WF_Microsowt.csproj", "{496E398A-5AD8-4AC5-A651-A37A35A9F772}"
EndProject
Global
	GlobalSection(SolutionConfigurationPlatforms) = preSolution
		Debug|Any CPU = Debug|Any CPU
		Release|Any CPU = Release|Any CPU
	EndGlobalSection
	GlobalSection(ProjectConfigurationPlatforms) = postSolution
		{496E398A-5AD8-4AC5-A651-A37A35A9F772}.Debug|Any CPU.ActiveCfg = Debug|Any CPU
		{496E398A-5AD8-4AC5-A651-A37A35A9F772}.Debug|Any CPU.Build.0 = Debug|Any CPU
		{496E398A-5AD8-4AC5-A651-A37A35A9F772}.Release|Any CPU.ActiveCfg = Release|Any CPU
		{496E398A-5AD8-4AC5-A651-A37A35A9F772}.Release|Any CPU.Build.0 = Release|Any CPU
	EndGlobalSection
	GlobalSection(SolutionProperties) = preSolution
		HideSolutionNode = FALSE
	EndGlobalSection
	GlobalSection(ExtensibilityGlobals) = postSolution
		SolutionGuid = {8B53187E-C9BA-496C-9B75-856121DCF50D}
	EndGlobalSection
EndGlobal
